// !$*UTF8*$!
{
	archiveVersion = 1;
	classes = {
	};
	objectVersion = 50;
	objects = {

/* Begin PBXBuildFile section */
		7D1AD12E2294B9C700B7D4B7 /* ChatView.swift in Sources */ = {isa = PBXBuildFile; fileRef = 7D1AD12D2294B9C700B7D4B7 /* ChatView.swift */; };
		7D276378228F60D600519C10 /* AppDelegate.swift in Sources */ = {isa = PBXBuildFile; fileRef = 7D276377228F60D600519C10 /* AppDelegate.swift */; };
		7D276380228F60D600519C10 /* TravelApp.xcdatamodeld in Sources */ = {isa = PBXBuildFile; fileRef = 7D27637E228F60D600519C10 /* TravelApp.xcdatamodeld */; };
		7D276382228F60D700519C10 /* Assets.xcassets in Resources */ = {isa = PBXBuildFile; fileRef = 7D276381228F60D700519C10 /* Assets.xcassets */; };
		7D276385228F60D700519C10 /* LaunchScreen.storyboard in Resources */ = {isa = PBXBuildFile; fileRef = 7D276383228F60D700519C10 /* LaunchScreen.storyboard */; };
		7D27638D228F636900519C10 /* UITabBarController+Extension.swift in Sources */ = {isa = PBXBuildFile; fileRef = 7D27638C228F636900519C10 /* UITabBarController+Extension.swift */; };
		7D276390228F64D000519C10 /* TabBarController.swift in Sources */ = {isa = PBXBuildFile; fileRef = 7D27638F228F64D000519C10 /* TabBarController.swift */; };
		7D276396228F65EF00519C10 /* LoginController.swift in Sources */ = {isa = PBXBuildFile; fileRef = 7D276395228F65EF00519C10 /* LoginController.swift */; };
		7D276398228F660A00519C10 /* WelcomeController.swift in Sources */ = {isa = PBXBuildFile; fileRef = 7D276397228F660A00519C10 /* WelcomeController.swift */; };
		7D27639A228F661E00519C10 /* SignUpController.swift in Sources */ = {isa = PBXBuildFile; fileRef = 7D276399228F661E00519C10 /* SignUpController.swift */; };
		7D27639D228F674F00519C10 /* WelcomeView.swift in Sources */ = {isa = PBXBuildFile; fileRef = 7D27639C228F674F00519C10 /* WelcomeView.swift */; };
		7D27639F228F675D00519C10 /* LoginView.swift in Sources */ = {isa = PBXBuildFile; fileRef = 7D27639E228F675D00519C10 /* LoginView.swift */; };
		7D2763A1228F676B00519C10 /* SignUpView.swift in Sources */ = {isa = PBXBuildFile; fileRef = 7D2763A0228F676B00519C10 /* SignUpView.swift */; };
		7D2763A4228F690D00519C10 /* Constants.swift in Sources */ = {isa = PBXBuildFile; fileRef = 7D2763A3228F690D00519C10 /* Constants.swift */; };
		7D2763A6228F6A8300519C10 /* UIView+Extension.swift in Sources */ = {isa = PBXBuildFile; fileRef = 7D2763A5228F6A8300519C10 /* UIView+Extension.swift */; };
		7D2763AD228F6E1800519C10 /* AppColors.swift in Sources */ = {isa = PBXBuildFile; fileRef = 7D2763AC228F6E1800519C10 /* AppColors.swift */; };
		7D2763AF228F6E8F00519C10 /* UIColor+Extension.swift in Sources */ = {isa = PBXBuildFile; fileRef = 7D2763AE228F6E8F00519C10 /* UIColor+Extension.swift */; };
		7D2763B2228F7BA100519C10 /* HomeController.swift in Sources */ = {isa = PBXBuildFile; fileRef = 7D2763B1228F7BA100519C10 /* HomeController.swift */; };
		7D2763B4228F7BB600519C10 /* AccountController.swift in Sources */ = {isa = PBXBuildFile; fileRef = 7D2763B3228F7BB600519C10 /* AccountController.swift */; };
		7D2763B6228F7BC500519C10 /* VouchersController.swift in Sources */ = {isa = PBXBuildFile; fileRef = 7D2763B5228F7BC500519C10 /* VouchersController.swift */; };
		7D2763BA228F7BF800519C10 /* ChatController.swift in Sources */ = {isa = PBXBuildFile; fileRef = 7D2763B9228F7BF800519C10 /* ChatController.swift */; };
		7D2763BC228F7C1D00519C10 /* String+Extension.swift in Sources */ = {isa = PBXBuildFile; fileRef = 7D2763BB228F7C1D00519C10 /* String+Extension.swift */; };
		7D2763BE228F7F0000519C10 /* UITextField+Extension.swift in Sources */ = {isa = PBXBuildFile; fileRef = 7D2763BD228F7F0000519C10 /* UITextField+Extension.swift */; };
		7D2763C0228F805000519C10 /* UIButton+Extension.swift in Sources */ = {isa = PBXBuildFile; fileRef = 7D2763BF228F805000519C10 /* UIButton+Extension.swift */; };
		7D2763C2228F80AD00519C10 /* AppFonts.swift in Sources */ = {isa = PBXBuildFile; fileRef = 7D2763C1228F80AD00519C10 /* AppFonts.swift */; };
		7D2763C4228F810100519C10 /* Strings.swift in Sources */ = {isa = PBXBuildFile; fileRef = 7D2763C3228F810100519C10 /* Strings.swift */; };
		7D2763C6228F813D00519C10 /* UIViewController+Extension.swift in Sources */ = {isa = PBXBuildFile; fileRef = 7D2763C5228F813D00519C10 /* UIViewController+Extension.swift */; };
		7D27643E2291EAC400519C10 /* HomeTableViewCell.swift in Sources */ = {isa = PBXBuildFile; fileRef = 7D27643D2291EAC400519C10 /* HomeTableViewCell.swift */; };
		7D2764442291ECC100519C10 /* UIImageView+Extension.swift in Sources */ = {isa = PBXBuildFile; fileRef = 7D2764432291ECC100519C10 /* UIImageView+Extension.swift */; };
		7D2764492291EF0000519C10 /* Post.swift in Sources */ = {isa = PBXBuildFile; fileRef = 7D2764482291EF0000519C10 /* Post.swift */; };
		7D27644B2293525600519C10 /* Boogaloo-Regular.ttf in Resources */ = {isa = PBXBuildFile; fileRef = 7D27644A2293525600519C10 /* Boogaloo-Regular.ttf */; };
		7D348E372298CB8100F40530 /* LibreBaskerville-Bold.ttf in Resources */ = {isa = PBXBuildFile; fileRef = 7D348E362298CB8100F40530 /* LibreBaskerville-Bold.ttf */; };
		7D82ECA122945F7D00441A3F /* TempData.swift in Sources */ = {isa = PBXBuildFile; fileRef = 7D82ECA022945F7D00441A3F /* TempData.swift */; };
/* End PBXBuildFile section */

/* Begin PBXFileReference section */
		7D1AD12D2294B9C700B7D4B7 /* ChatView.swift */ = {isa = PBXFileReference; lastKnownFileType = sourcecode.swift; path = ChatView.swift; sourceTree = "<group>"; };
		7D276374228F60D600519C10 /* TravelApp.app */ = {isa = PBXFileReference; explicitFileType = wrapper.application; includeInIndex = 0; path = TravelApp.app; sourceTree = BUILT_PRODUCTS_DIR; };
		7D276377228F60D600519C10 /* AppDelegate.swift */ = {isa = PBXFileReference; lastKnownFileType = sourcecode.swift; path = AppDelegate.swift; sourceTree = "<group>"; };
		7D27637F228F60D600519C10 /* TravelApp.xcdatamodel */ = {isa = PBXFileReference; lastKnownFileType = wrapper.xcdatamodel; path = TravelApp.xcdatamodel; sourceTree = "<group>"; };
		7D276381228F60D700519C10 /* Assets.xcassets */ = {isa = PBXFileReference; lastKnownFileType = folder.assetcatalog; path = Assets.xcassets; sourceTree = "<group>"; };
		7D276384228F60D700519C10 /* Base */ = {isa = PBXFileReference; lastKnownFileType = file.storyboard; name = Base; path = Base.lproj/LaunchScreen.storyboard; sourceTree = "<group>"; };
		7D276386228F60D700519C10 /* Info.plist */ = {isa = PBXFileReference; lastKnownFileType = text.plist.xml; path = Info.plist; sourceTree = "<group>"; };
		7D27638C228F636900519C10 /* UITabBarController+Extension.swift */ = {isa = PBXFileReference; lastKnownFileType = sourcecode.swift; path = "UITabBarController+Extension.swift"; sourceTree = "<group>"; };
		7D27638F228F64D000519C10 /* TabBarController.swift */ = {isa = PBXFileReference; lastKnownFileType = sourcecode.swift; path = TabBarController.swift; sourceTree = "<group>"; };
		7D276395228F65EF00519C10 /* LoginController.swift */ = {isa = PBXFileReference; lastKnownFileType = sourcecode.swift; path = LoginController.swift; sourceTree = "<group>"; };
		7D276397228F660A00519C10 /* WelcomeController.swift */ = {isa = PBXFileReference; lastKnownFileType = sourcecode.swift; path = WelcomeController.swift; sourceTree = "<group>"; };
		7D276399228F661E00519C10 /* SignUpController.swift */ = {isa = PBXFileReference; lastKnownFileType = sourcecode.swift; path = SignUpController.swift; sourceTree = "<group>"; };
		7D27639C228F674F00519C10 /* WelcomeView.swift */ = {isa = PBXFileReference; lastKnownFileType = sourcecode.swift; path = WelcomeView.swift; sourceTree = "<group>"; };
		7D27639E228F675D00519C10 /* LoginView.swift */ = {isa = PBXFileReference; lastKnownFileType = sourcecode.swift; path = LoginView.swift; sourceTree = "<group>"; };
		7D2763A0228F676B00519C10 /* SignUpView.swift */ = {isa = PBXFileReference; lastKnownFileType = sourcecode.swift; path = SignUpView.swift; sourceTree = "<group>"; };
		7D2763A3228F690D00519C10 /* Constants.swift */ = {isa = PBXFileReference; lastKnownFileType = sourcecode.swift; path = Constants.swift; sourceTree = "<group>"; };
		7D2763A5228F6A8300519C10 /* UIView+Extension.swift */ = {isa = PBXFileReference; lastKnownFileType = sourcecode.swift; path = "UIView+Extension.swift"; sourceTree = "<group>"; };
		7D2763AC228F6E1800519C10 /* AppColors.swift */ = {isa = PBXFileReference; lastKnownFileType = sourcecode.swift; path = AppColors.swift; sourceTree = "<group>"; };
		7D2763AE228F6E8F00519C10 /* UIColor+Extension.swift */ = {isa = PBXFileReference; lastKnownFileType = sourcecode.swift; path = "UIColor+Extension.swift"; sourceTree = "<group>"; };
		7D2763B1228F7BA100519C10 /* HomeController.swift */ = {isa = PBXFileReference; lastKnownFileType = sourcecode.swift; path = HomeController.swift; sourceTree = "<group>"; };
		7D2763B3228F7BB600519C10 /* AccountController.swift */ = {isa = PBXFileReference; lastKnownFileType = sourcecode.swift; path = AccountController.swift; sourceTree = "<group>"; };
		7D2763B5228F7BC500519C10 /* VouchersController.swift */ = {isa = PBXFileReference; lastKnownFileType = sourcecode.swift; path = VouchersController.swift; sourceTree = "<group>"; };
		7D2763B9228F7BF800519C10 /* ChatController.swift */ = {isa = PBXFileReference; lastKnownFileType = sourcecode.swift; path = ChatController.swift; sourceTree = "<group>"; };
		7D2763BB228F7C1D00519C10 /* String+Extension.swift */ = {isa = PBXFileReference; lastKnownFileType = sourcecode.swift; path = "String+Extension.swift"; sourceTree = "<group>"; };
		7D2763BD228F7F0000519C10 /* UITextField+Extension.swift */ = {isa = PBXFileReference; lastKnownFileType = sourcecode.swift; path = "UITextField+Extension.swift"; sourceTree = "<group>"; };
		7D2763BF228F805000519C10 /* UIButton+Extension.swift */ = {isa = PBXFileReference; lastKnownFileType = sourcecode.swift; path = "UIButton+Extension.swift"; sourceTree = "<group>"; };
		7D2763C1228F80AD00519C10 /* AppFonts.swift */ = {isa = PBXFileReference; lastKnownFileType = sourcecode.swift; path = AppFonts.swift; sourceTree = "<group>"; };
		7D2763C3228F810100519C10 /* Strings.swift */ = {isa = PBXFileReference; lastKnownFileType = sourcecode.swift; path = Strings.swift; sourceTree = "<group>"; };
		7D2763C5228F813D00519C10 /* UIViewController+Extension.swift */ = {isa = PBXFileReference; lastKnownFileType = sourcecode.swift; path = "UIViewController+Extension.swift"; sourceTree = "<group>"; };
		7D27643D2291EAC400519C10 /* HomeTableViewCell.swift */ = {isa = PBXFileReference; lastKnownFileType = sourcecode.swift; path = HomeTableViewCell.swift; sourceTree = "<group>"; };
		7D2764432291ECC100519C10 /* UIImageView+Extension.swift */ = {isa = PBXFileReference; lastKnownFileType = sourcecode.swift; path = "UIImageView+Extension.swift"; sourceTree = "<group>"; };
		7D2764482291EF0000519C10 /* Post.swift */ = {isa = PBXFileReference; lastKnownFileType = sourcecode.swift; path = Post.swift; sourceTree = "<group>"; };
		7D27644A2293525600519C10 /* Boogaloo-Regular.ttf */ = {isa = PBXFileReference; lastKnownFileType = file; path = "Boogaloo-Regular.ttf"; sourceTree = "<group>"; };
		7D348E362298CB8100F40530 /* LibreBaskerville-Bold.ttf */ = {isa = PBXFileReference; lastKnownFileType = file; name = "LibreBaskerville-Bold.ttf"; path = "../../../../../Downloads/Libre_Baskerville/LibreBaskerville-Bold.ttf"; sourceTree = "<group>"; };
		7D82ECA022945F7D00441A3F /* TempData.swift */ = {isa = PBXFileReference; lastKnownFileType = sourcecode.swift; path = TempData.swift; sourceTree = "<group>"; };
/* End PBXFileReference section */

/* Begin PBXFrameworksBuildPhase section */
		7D276371228F60D600519C10 /* Frameworks */ = {
			isa = PBXFrameworksBuildPhase;
			buildActionMask = 2147483647;
			files = (
			);
			runOnlyForDeploymentPostprocessing = 0;
		};
/* End PBXFrameworksBuildPhase section */

/* Begin PBXGroup section */
		7D27636B228F60D600519C10 = {
			isa = PBXGroup;
			children = (
				7D276376228F60D600519C10 /* TravelApp */,
				7D276375228F60D600519C10 /* Products */,
			);
			sourceTree = "<group>";
		};
		7D276375228F60D600519C10 /* Products */ = {
			isa = PBXGroup;
			children = (
				7D276374228F60D600519C10 /* TravelApp.app */,
			);
			name = Products;
			sourceTree = "<group>";
		};
		7D276376228F60D600519C10 /* TravelApp */ = {
			isa = PBXGroup;
			children = (
				7D276377228F60D600519C10 /* AppDelegate.swift */,
				7D276391228F64F000519C10 /* Model */,
				7D276392228F64FD00519C10 /* View */,
				7D276393228F650500519C10 /* Controller */,
				7D27638E228F637A00519C10 /* Extensions */,
				7D2763A7228F6B4300519C10 /* Resources */,
				7D2763A2228F68C100519C10 /* Supporting files */,
				7D276383228F60D700519C10 /* LaunchScreen.storyboard */,
				7D276386228F60D700519C10 /* Info.plist */,
			);
			path = TravelApp;
			sourceTree = "<group>";
		};
		7D27638E228F637A00519C10 /* Extensions */ = {
			isa = PBXGroup;
			children = (
				7D27638C228F636900519C10 /* UITabBarController+Extension.swift */,
				7D2763A5228F6A8300519C10 /* UIView+Extension.swift */,
				7D2763AE228F6E8F00519C10 /* UIColor+Extension.swift */,
				7D2763BD228F7F0000519C10 /* UITextField+Extension.swift */,
				7D2763BF228F805000519C10 /* UIButton+Extension.swift */,
				7D2763C5228F813D00519C10 /* UIViewController+Extension.swift */,
				7D2764432291ECC100519C10 /* UIImageView+Extension.swift */,
			);
			path = Extensions;
			sourceTree = "<group>";
		};
		7D276391228F64F000519C10 /* Model */ = {
			isa = PBXGroup;
			children = (
				7D27637E228F60D600519C10 /* TravelApp.xcdatamodeld */,
				7D2764482291EF0000519C10 /* Post.swift */,
				7D82ECA022945F7D00441A3F /* TempData.swift */,
			);
			path = Model;
			sourceTree = "<group>";
		};
		7D276392228F64FD00519C10 /* View */ = {
			isa = PBXGroup;
			children = (
				7D2764452291EE8000519C10 /* Tabs */,
				7D27639B228F673100519C10 /* Authentication */,
				7D27643D2291EAC400519C10 /* HomeTableViewCell.swift */,
			);
			path = View;
			sourceTree = "<group>";
		};
		7D276393228F650500519C10 /* Controller */ = {
			isa = PBXGroup;
			children = (
				7D276394228F65BC00519C10 /* Authentication */,
				7D2763B0228F7B7D00519C10 /* Tabs */,
				7D27638F228F64D000519C10 /* TabBarController.swift */,
			);
			path = Controller;
			sourceTree = "<group>";
		};
		7D276394228F65BC00519C10 /* Authentication */ = {
			isa = PBXGroup;
			children = (
				7D276395228F65EF00519C10 /* LoginController.swift */,
				7D276397228F660A00519C10 /* WelcomeController.swift */,
				7D276399228F661E00519C10 /* SignUpController.swift */,
			);
			path = Authentication;
			sourceTree = "<group>";
		};
		7D27639B228F673100519C10 /* Authentication */ = {
			isa = PBXGroup;
			children = (
				7D27639C228F674F00519C10 /* WelcomeView.swift */,
				7D27639E228F675D00519C10 /* LoginView.swift */,
				7D2763A0228F676B00519C10 /* SignUpView.swift */,
			);
			path = Authentication;
			sourceTree = "<group>";
		};
		7D2763A2228F68C100519C10 /* Supporting files */ = {
			isa = PBXGroup;
			children = (
				7D2763A3228F690D00519C10 /* Constants.swift */,
			);
			path = "Supporting files";
			sourceTree = "<group>";
		};
		7D2763A7228F6B4300519C10 /* Resources */ = {
			isa = PBXGroup;
			children = (
				7D2763AB228F6B8F00519C10 /* Views */,
				7D2763AA228F6B8900519C10 /* Images */,
				7D2763A9228F6B7A00519C10 /* Strings */,
				7D2763A8228F6B5E00519C10 /* Fonts */,
				7D2763AC228F6E1800519C10 /* AppColors.swift */,
			);
			path = Resources;
			sourceTree = "<group>";
		};
		7D2763A8228F6B5E00519C10 /* Fonts */ = {
			isa = PBXGroup;
			children = (
				7D27644A2293525600519C10 /* Boogaloo-Regular.ttf */,
				7D348E362298CB8100F40530 /* LibreBaskerville-Bold.ttf */,
				7D2763C1228F80AD00519C10 /* AppFonts.swift */,
			);
			path = Fonts;
			sourceTree = "<group>";
		};
		7D2763A9228F6B7A00519C10 /* Strings */ = {
			isa = PBXGroup;
			children = (
				7D2763BB228F7C1D00519C10 /* String+Extension.swift */,
				7D2763C3228F810100519C10 /* Strings.swift */,
			);
			path = Strings;
			sourceTree = "<group>";
		};
		7D2763AA228F6B8900519C10 /* Images */ = {
			isa = PBXGroup;
			children = (
				7D276381228F60D700519C10 /* Assets.xcassets */,
			);
			path = Images;
			sourceTree = "<group>";
		};
		7D2763AB228F6B8F00519C10 /* Views */ = {
			isa = PBXGroup;
			children = (
			);
			path = Views;
			sourceTree = "<group>";
		};
		7D2763B0228F7B7D00519C10 /* Tabs */ = {
			isa = PBXGroup;
			children = (
				7D2763B1228F7BA100519C10 /* HomeController.swift */,
				7D2763B3228F7BB600519C10 /* AccountController.swift */,
				7D2763B5228F7BC500519C10 /* VouchersController.swift */,
				7D2763B9228F7BF800519C10 /* ChatController.swift */,
			);
			path = Tabs;
			sourceTree = "<group>";
		};
		7D2764452291EE8000519C10 /* Tabs */ = {
			isa = PBXGroup;
			children = (
				7D1AD12D2294B9C700B7D4B7 /* ChatView.swift */,
			);
			path = Tabs;
			sourceTree = "<group>";
		};
/* End PBXGroup section */

/* Begin PBXNativeTarget section */
		7D276373228F60D600519C10 /* TravelApp */ = {
			isa = PBXNativeTarget;
			buildConfigurationList = 7D276389228F60D700519C10 /* Build configuration list for PBXNativeTarget "TravelApp" */;
			buildPhases = (
				7D276370228F60D600519C10 /* Sources */,
				7D276371228F60D600519C10 /* Frameworks */,
				7D276372228F60D600519C10 /* Resources */,
			);
			buildRules = (
			);
			dependencies = (
			);
			name = TravelApp;
			productName = TravelApp;
			productReference = 7D276374228F60D600519C10 /* TravelApp.app */;
			productType = "com.apple.product-type.application";
		};
/* End PBXNativeTarget section */

/* Begin PBXProject section */
		7D27636C228F60D600519C10 /* Project object */ = {
			isa = PBXProject;
			attributes = {
				LastSwiftUpdateCheck = 1020;
				LastUpgradeCheck = 1020;
				ORGANIZATIONNAME = "Sebastian Strus";
				TargetAttributes = {
					7D276373228F60D600519C10 = {
						CreatedOnToolsVersion = 10.2;
					};
				};
			};
			buildConfigurationList = 7D27636F228F60D600519C10 /* Build configuration list for PBXProject "TravelApp" */;
			compatibilityVersion = "Xcode 9.3";
			developmentRegion = en;
			hasScannedForEncodings = 0;
			knownRegions = (
				en,
				Base,
			);
			mainGroup = 7D27636B228F60D600519C10;
			productRefGroup = 7D276375228F60D600519C10 /* Products */;
			projectDirPath = "";
			projectRoot = "";
			targets = (
				7D276373228F60D600519C10 /* TravelApp */,
			);
		};
/* End PBXProject section */

/* Begin PBXResourcesBuildPhase section */
		7D276372228F60D600519C10 /* Resources */ = {
			isa = PBXResourcesBuildPhase;
			buildActionMask = 2147483647;
			files = (
				7D276385228F60D700519C10 /* LaunchScreen.storyboard in Resources */,
				7D348E372298CB8100F40530 /* LibreBaskerville-Bold.ttf in Resources */,
				7D27644B2293525600519C10 /* Boogaloo-Regular.ttf in Resources */,
				7D276382228F60D700519C10 /* Assets.xcassets in Resources */,
			);
			runOnlyForDeploymentPostprocessing = 0;
		};
/* End PBXResourcesBuildPhase section */

/* Begin PBXSourcesBuildPhase section */
		7D276370228F60D600519C10 /* Sources */ = {
			isa = PBXSourcesBuildPhase;
			buildActionMask = 2147483647;
			files = (
				7D2763A6228F6A8300519C10 /* UIView+Extension.swift in Sources */,
				7D2763B4228F7BB600519C10 /* AccountController.swift in Sources */,
				7D2764442291ECC100519C10 /* UIImageView+Extension.swift in Sources */,
				7D27643E2291EAC400519C10 /* HomeTableViewCell.swift in Sources */,
				7D2763C2228F80AD00519C10 /* AppFonts.swift in Sources */,
				7D276398228F660A00519C10 /* WelcomeController.swift in Sources */,
				7D2763C0228F805000519C10 /* UIButton+Extension.swift in Sources */,
				7D276396228F65EF00519C10 /* LoginController.swift in Sources */,
				7D2763AD228F6E1800519C10 /* AppColors.swift in Sources */,
				7D82ECA122945F7D00441A3F /* TempData.swift in Sources */,
				7D2764492291EF0000519C10 /* Post.swift in Sources */,
				7D27639A228F661E00519C10 /* SignUpController.swift in Sources */,
				7D2763BA228F7BF800519C10 /* ChatController.swift in Sources */,
				7D27639D228F674F00519C10 /* WelcomeView.swift in Sources */,
				7D2763C4228F810100519C10 /* Strings.swift in Sources */,
				7D2763BC228F7C1D00519C10 /* String+Extension.swift in Sources */,
				7D2763BE228F7F0000519C10 /* UITextField+Extension.swift in Sources */,
				7D2763C6228F813D00519C10 /* UIViewController+Extension.swift in Sources */,
				7D2763A1228F676B00519C10 /* SignUpView.swift in Sources */,
				7D2763AF228F6E8F00519C10 /* UIColor+Extension.swift in Sources */,
				7D276378228F60D600519C10 /* AppDelegate.swift in Sources */,
				7D1AD12E2294B9C700B7D4B7 /* ChatView.swift in Sources */,
				7D276380228F60D600519C10 /* TravelApp.xcdatamodeld in Sources */,
				7D2763B6228F7BC500519C10 /* VouchersController.swift in Sources */,
				7D276390228F64D000519C10 /* TabBarController.swift in Sources */,
				7D27639F228F675D00519C10 /* LoginView.swift in Sources */,
				7D2763B2228F7BA100519C10 /* HomeController.swift in Sources */,
				7D27638D228F636900519C10 /* UITabBarController+Extension.swift in Sources */,
				7D2763A4228F690D00519C10 /* Constants.swift in Sources */,
			);
			runOnlyForDeploymentPostprocessing = 0;
		};
/* End PBXSourcesBuildPhase section */

/* Begin PBXVariantGroup section */
		7D276383228F60D700519C10 /* LaunchScreen.storyboard */ = {
			isa = PBXVariantGroup;
			children = (
				7D276384228F60D700519C10 /* Base */,
			);
			name = LaunchScreen.storyboard;
			sourceTree = "<group>";
		};
/* End PBXVariantGroup section */

/* Begin XCBuildConfiguration section */
		7D276387228F60D700519C10 /* Debug */ = {
			isa = XCBuildConfiguration;
			buildSettings = {
				ALWAYS_SEARCH_USER_PATHS = NO;
				CLANG_ANALYZER_NONNULL = YES;
				CLANG_ANALYZER_NUMBER_OBJECT_CONVERSION = YES_AGGRESSIVE;
				CLANG_CXX_LANGUAGE_STANDARD = "gnu++14";
				CLANG_CXX_LIBRARY = "libc++";
				CLANG_ENABLE_MODULES = YES;
				CLANG_ENABLE_OBJC_ARC = YES;
				CLANG_ENABLE_OBJC_WEAK = YES;
				CLANG_WARN_BLOCK_CAPTURE_AUTORELEASING = YES;
				CLANG_WARN_BOOL_CONVERSION = YES;
				CLANG_WARN_COMMA = YES;
				CLANG_WARN_CONSTANT_CONVERSION = YES;
				CLANG_WARN_DEPRECATED_OBJC_IMPLEMENTATIONS = YES;
				CLANG_WARN_DIRECT_OBJC_ISA_USAGE = YES_ERROR;
				CLANG_WARN_DOCUMENTATION_COMMENTS = YES;
				CLANG_WARN_EMPTY_BODY = YES;
				CLANG_WARN_ENUM_CONVERSION = YES;
				CLANG_WARN_INFINITE_RECURSION = YES;
				CLANG_WARN_INT_CONVERSION = YES;
				CLANG_WARN_NON_LITERAL_NULL_CONVERSION = YES;
				CLANG_WARN_OBJC_IMPLICIT_RETAIN_SELF = YES;
				CLANG_WARN_OBJC_LITERAL_CONVERSION = YES;
				CLANG_WARN_OBJC_ROOT_CLASS = YES_ERROR;
				CLANG_WARN_RANGE_LOOP_ANALYSIS = YES;
				CLANG_WARN_STRICT_PROTOTYPES = YES;
				CLANG_WARN_SUSPICIOUS_MOVE = YES;
				CLANG_WARN_UNGUARDED_AVAILABILITY = YES_AGGRESSIVE;
				CLANG_WARN_UNREACHABLE_CODE = YES;
				CLANG_WARN__DUPLICATE_METHOD_MATCH = YES;
				CODE_SIGN_IDENTITY = "iPhone Developer";
				COPY_PHASE_STRIP = NO;
				DEBUG_INFORMATION_FORMAT = dwarf;
				ENABLE_STRICT_OBJC_MSGSEND = YES;
				ENABLE_TESTABILITY = YES;
				GCC_C_LANGUAGE_STANDARD = gnu11;
				GCC_DYNAMIC_NO_PIC = NO;
				GCC_NO_COMMON_BLOCKS = YES;
				GCC_OPTIMIZATION_LEVEL = 0;
				GCC_PREPROCESSOR_DEFINITIONS = (
					"DEBUG=1",
					"$(inherited)",
				);
				GCC_WARN_64_TO_32_BIT_CONVERSION = YES;
				GCC_WARN_ABOUT_RETURN_TYPE = YES_ERROR;
				GCC_WARN_UNDECLARED_SELECTOR = YES;
				GCC_WARN_UNINITIALIZED_AUTOS = YES_AGGRESSIVE;
				GCC_WARN_UNUSED_FUNCTION = YES;
				GCC_WARN_UNUSED_VARIABLE = YES;
				IPHONEOS_DEPLOYMENT_TARGET = 12.2;
				MTL_ENABLE_DEBUG_INFO = INCLUDE_SOURCE;
				MTL_FAST_MATH = YES;
				ONLY_ACTIVE_ARCH = YES;
				SDKROOT = iphoneos;
				SWIFT_ACTIVE_COMPILATION_CONDITIONS = DEBUG;
				SWIFT_OPTIMIZATION_LEVEL = "-Onone";
			};
			name = Debug;
		};
		7D276388228F60D700519C10 /* Release */ = {
			isa = XCBuildConfiguration;
			buildSettings = {
				ALWAYS_SEARCH_USER_PATHS = NO;
				CLANG_ANALYZER_NONNULL = YES;
				CLANG_ANALYZER_NUMBER_OBJECT_CONVERSION = YES_AGGRESSIVE;
				CLANG_CXX_LANGUAGE_STANDARD = "gnu++14";
				CLANG_CXX_LIBRARY = "libc++";
				CLANG_ENABLE_MODULES = YES;
				CLANG_ENABLE_OBJC_ARC = YES;
				CLANG_ENABLE_OBJC_WEAK = YES;
				CLANG_WARN_BLOCK_CAPTURE_AUTORELEASING = YES;
				CLANG_WARN_BOOL_CONVERSION = YES;
				CLANG_WARN_COMMA = YES;
				CLANG_WARN_CONSTANT_CONVERSION = YES;
				CLANG_WARN_DEPRECATED_OBJC_IMPLEMENTATIONS = YES;
				CLANG_WARN_DIRECT_OBJC_ISA_USAGE = YES_ERROR;
				CLANG_WARN_DOCUMENTATION_COMMENTS = YES;
				CLANG_WARN_EMPTY_BODY = YES;
				CLANG_WARN_ENUM_CONVERSION = YES;
				CLANG_WARN_INFINITE_RECURSION = YES;
				CLANG_WARN_INT_CONVERSION = YES;
				CLANG_WARN_NON_LITERAL_NULL_CONVERSION = YES;
				CLANG_WARN_OBJC_IMPLICIT_RETAIN_SELF = YES;
				CLANG_WARN_OBJC_LITERAL_CONVERSION = YES;
				CLANG_WARN_OBJC_ROOT_CLASS = YES_ERROR;
				CLANG_WARN_RANGE_LOOP_ANALYSIS = YES;
				CLANG_WARN_STRICT_PROTOTYPES = YES;
				CLANG_WARN_SUSPICIOUS_MOVE = YES;
				CLANG_WARN_UNGUARDED_AVAILABILITY = YES_AGGRESSIVE;
				CLANG_WARN_UNREACHABLE_CODE = YES;
				CLANG_WARN__DUPLICATE_METHOD_MATCH = YES;
				CODE_SIGN_IDENTITY = "iPhone Developer";
				COPY_PHASE_STRIP = NO;
				DEBUG_INFORMATION_FORMAT = "dwarf-with-dsym";
				ENABLE_NS_ASSERTIONS = NO;
				ENABLE_STRICT_OBJC_MSGSEND = YES;
				GCC_C_LANGUAGE_STANDARD = gnu11;
				GCC_NO_COMMON_BLOCKS = YES;
				GCC_WARN_64_TO_32_BIT_CONVERSION = YES;
				GCC_WARN_ABOUT_RETURN_TYPE = YES_ERROR;
				GCC_WARN_UNDECLARED_SELECTOR = YES;
				GCC_WARN_UNINITIALIZED_AUTOS = YES_AGGRESSIVE;
				GCC_WARN_UNUSED_FUNCTION = YES;
				GCC_WARN_UNUSED_VARIABLE = YES;
				IPHONEOS_DEPLOYMENT_TARGET = 12.2;
				MTL_ENABLE_DEBUG_INFO = NO;
				MTL_FAST_MATH = YES;
				SDKROOT = iphoneos;
				SWIFT_COMPILATION_MODE = wholemodule;
				SWIFT_OPTIMIZATION_LEVEL = "-O";
				VALIDATE_PRODUCT = YES;
			};
			name = Release;
		};
		7D27638A228F60D700519C10 /* Debug */ = {
			isa = XCBuildConfiguration;
			buildSettings = {
				ASSETCATALOG_COMPILER_APPICON_NAME = AppIcon;
				CODE_SIGN_IDENTITY = "iPhone Developer";
				CODE_SIGN_STYLE = Automatic;
				DEVELOPMENT_TEAM = 4SL936GBZY;
				INFOPLIST_FILE = TravelApp/Info.plist;
				LD_RUNPATH_SEARCH_PATHS = (
					"$(inherited)",
					"@executable_path/Frameworks",
				);
				PRODUCT_BUNDLE_IDENTIFIER = SEB.TravelApp;
				PRODUCT_NAME = "$(TARGET_NAME)";
				PROVISIONING_PROFILE_SPECIFIER = "";
				SWIFT_VERSION = 5.0;
				TARGETED_DEVICE_FAMILY = "1,2";
			};
			name = Debug;
		};
		7D27638B228F60D700519C10 /* Release */ = {
			isa = XCBuildConfiguration;
			buildSettings = {
				ASSETCATALOG_COMPILER_APPICON_NAME = AppIcon;
				CODE_SIGN_IDENTITY = "iPhone Developer";
				CODE_SIGN_STYLE = Automatic;
				DEVELOPMENT_TEAM = 4SL936GBZY;
				INFOPLIST_FILE = TravelApp/Info.plist;
				LD_RUNPATH_SEARCH_PATHS = (
					"$(inherited)",
					"@executable_path/Frameworks",
				);
				PRODUCT_BUNDLE_IDENTIFIER = SEB.TravelApp;
				PRODUCT_NAME = "$(TARGET_NAME)";
				PROVISIONING_PROFILE_SPECIFIER = "";
				SWIFT_VERSION = 5.0;
				TARGETED_DEVICE_FAMILY = "1,2";
			};
			name = Release;
		};
/* End XCBuildConfiguration section */

/* Begin XCConfigurationList section */
		7D27636F228F60D600519C10 /* Build configuration list for PBXProject "TravelApp" */ = {
			isa = XCConfigurationList;
			buildConfigurations = (
				7D276387228F60D700519C10 /* Debug */,
				7D276388228F60D700519C10 /* Release */,
			);
			defaultConfigurationIsVisible = 0;
			defaultConfigurationName = Release;
		};
		7D276389228F60D700519C10 /* Build configuration list for PBXNativeTarget "TravelApp" */ = {
			isa = XCConfigurationList;
			buildConfigurations = (
				7D27638A228F60D700519C10 /* Debug */,
				7D27638B228F60D700519C10 /* Release */,
			);
			defaultConfigurationIsVisible = 0;
			defaultConfigurationName = Release;
		};
/* End XCConfigurationList section */

/* Begin XCVersionGroup section */
		7D27637E228F60D600519C10 /* TravelApp.xcdatamodeld */ = {
			isa = XCVersionGroup;
			children = (
				7D27637F228F60D600519C10 /* TravelApp.xcdatamodel */,
			);
			currentVersion = 7D27637F228F60D600519C10 /* TravelApp.xcdatamodel */;
			path = TravelApp.xcdatamodeld;
			sourceTree = "<group>";
			versionGroupType = wrapper.xcdatamodel;
		};
/* End XCVersionGroup section */
	};
	rootObject = 7D27636C228F60D600519C10 /* Project object */;
}
